<?xml version="1.0" encoding="utf-8"?>
<Project ToolsVersion="4.0" xmlns="http://schemas.microsoft.com/developer/msbuild/2003">
  <ItemGroup>
    <ClCompile Include="Src\Manager\Generic\InputController.cpp" />
    <ClCompile Include="Src\Scene\SelectScene.cpp" />
    <ClCompile Include="Src\Object\Character\EnemySort\EneAxe.cpp" />
    <ClCompile Include="Src\Object\Character\PlayableChara\PlArcher.cpp" />
    <ClCompile Include="Src\Object\Character\PlayableChara\PlKnight.cpp" />
    <ClCompile Include="Src\Object\Character\PlayableChara\PlMage.cpp" />
    <ClCompile Include="Src\Object\Character\PlayableChara\PlAxeMan.cpp" />
    <ClCompile Include="Src\Manager\GameSystem\DataBank.cpp" />
    <ClCompile Include="Src\Common\ImageFader.cpp" />
    <ClCompile Include="Src\Manager\GameSystem\Collision.cpp" />
    <ClCompile Include="Src\Object\Character\Enemy.cpp" />
    <ClCompile Include="Src\Object\Character\PlayerBase.cpp" />
    <ClCompile Include="Src\Object\Stage\StageObject.cpp" />
    <ClCompile Include="Src\Object\System\Carsor.cpp" />
    <ClCompile Include="Src\Object\Stage\SkyDome.cpp" />
    <ClCompile Include="Src\Object\Arrow.cpp" />
    <ClCompile Include="Src\Object\System\LevelupNotice.cpp" />
    <ClCompile Include="Src\Object\UnitBase.cpp" />
    <ClCompile Include="Src\Scene\GameScene.cpp" />
    <ClCompile Include="Src\Common\IntVector3.cpp" />
    <ClCompile Include="Src\Object\Common\Transform.cpp" />
    <ClCompile Include="Src\Application.cpp" />
    <ClCompile Include="Src\Common\Fader.cpp" />
    <ClCompile Include="Src\Common\Quaternion.cpp" />
    <ClCompile Include="Src\Common\Vector2.cpp" />
    <ClCompile Include="Src\main.cpp" />
    <ClCompile Include="Src\Manager\Generic\Camera.cpp" />
    <ClCompile Include="Src\Manager\Generic\InputManager.cpp" />
    <ClCompile Include="Src\Manager\Generic\Resource.cpp" />
    <ClCompile Include="Src\Manager\Generic\ResourceManager.cpp" />
    <ClCompile Include="Src\Manager\Generic\SceneManager.cpp" />
    <ClCompile Include="Src\Scene\SceneBase.cpp" />
    <ClCompile Include="Src\Scene\TitleScene.cpp" />
    <ClCompile Include="Src\Utility\AsoUtility.cpp" />
    <ClCompile Include="Src\Object\Stage\StageObject.cpp" />
    <ClCompile Include="Src\Object\System\LevelScreenManager.cpp" />
    <ClCompile Include="Src\Object\Stage\SkyDome.cpp" />
    <ClCompile Include="Src\Object\Stage\StageManager.cpp" />
    <ClCompile Include="Src\Object\System\Carsor.cpp" />
    <ClCompile Include="Src\Object\System\LevelupNotice.cpp" />
    <ClCompile Include="Src\Object\System\LevelupSelect.cpp" />
    <ClCompile Include="Src\Common\ImageFader.cpp" />
    <ClCompile Include="Src\Object\Character\PlayableChara\PlAxeMan.cpp" />
    <ClCompile Include="Src\Object\Character\PlayableChara\PlMage.cpp" />
    <ClCompile Include="Src\Object\Character\PlayableChara\PlKnight.cpp" />
    <ClCompile Include="Src\Object\Character\PlayableChara\PlArcher.cpp" />
    <ClCompile Include="Src\Object\Character\EnemySort\EneAxe.cpp" />
    <ClCompile Include="Src\Manager\GameSystem\TextManager.cpp" />
    <ClCompile Include="Src\Object\System\UnitPositionLoad.cpp" />
    <ClCompile Include="Src\Object\Character\Chiken\ChickenBase.cpp" />
    <ClCompile Include="Src\Object\Character\Chiken\ChickenManager.cpp" />
    <ClCompile Include="Src\Object\Character\EnemySort\EneArcher.cpp" />
    <ClCompile Include="Src\Object\Character\EnemySort\EneBrig.cpp" />
    <ClCompile Include="Src\Object\Character\EnemySort\EneGolem.cpp" />
    <ClCompile Include="Src\Object\Character\EnemySort\EneMage.cpp" />
    <ClCompile Include="Src\Manager\Decoration\EffectManager.cpp" />
    <ClCompile Include="Src\Manager\Decoration\SoundManager.cpp" />
    <ClCompile Include="Src\Scene\GameOverScene.cpp" />
    <ClCompile Include="Src\Scene\FazeResult.cpp" />
  </ItemGroup>
  <ItemGroup>
    <ClInclude Include="Src\Manager\Generic\InputController.h" />
    <ClInclude Include="Src\Scene\SelectScene.h" />
    <ClInclude Include="Src\Manager\GameSystem\DataBank.h" />
    <ClInclude Include="Src\Common\ImageFader.h" />
    <ClInclude Include="Src\Manager\GameSystem\Collision.h" />
    <ClInclude Include="Src\Object\Character\Enemy.h" />
    <ClInclude Include="Src\Object\Arrow.h" />
    <ClInclude Include="Src\Object\Character\EnemySort\EneAxe.h" />
    <ClInclude Include="Src\Object\Character\PlayableChara\PlArcher.h" />
    <ClInclude Include="Src\Object\Character\PlayableChara\PlAxeMan.h" />
    <ClInclude Include="Src\Object\Character\PlayableChara\PlKnight.h" />
    <ClInclude Include="Src\Object\Character\PlayableChara\PlMage.h" />
    <ClInclude Include="Src\Object\Character\PlayerBase.h" />
    <ClInclude Include="Src\Object\Stage\SkyDome.h" />
    <ClInclude Include="Src\Object\Stage\StageObject.h" />
    <ClInclude Include="Src\Object\System\Carsor.h" />
    <ClInclude Include="Src\Object\System\LevelupNotice.h" />
    <ClInclude Include="Src\Object\UnitBase.h" />
    <ClInclude Include="Src\Scene\GameScene.h" />
    <ClInclude Include="Src\Common\IntVector3.h" />
    <ClInclude Include="Src\Object\Common\Transform.h" />
    <ClInclude Include="Src\Application.h" />
    <ClInclude Include="Src\Common\Fader.h" />
    <ClInclude Include="Src\Common\Quaternion.h" />
    <ClInclude Include="Src\Common\Vector2.h" />
    <ClInclude Include="Src\main.h" />
    <ClInclude Include="Src\Manager\Generic\Camera.h" />
    <ClInclude Include="Src\Manager\Generic\InputManager.h" />
    <ClInclude Include="Src\Manager\Generic\Resource.h" />
    <ClInclude Include="Src\Manager\Generic\ResourceManager.h" />
    <ClInclude Include="Src\Manager\Generic\SceneManager.h" />
    <ClInclude Include="Src\Scene\SceneBase.h" />
    <ClInclude Include="Src\Scene\TitleScene.h" />
    <ClInclude Include="Src\Utility\AsoUtility.h" />
    <ClInclude Include="Src\Object\Character\PlayerBase.h" />
    <ClCompile Include="Src\Application.cpp">
      <Filter>ソース ファイル</Filter>
    </ClCompile>
    <ClCompile Include="Src\main.cpp">
      <Filter>ソース ファイル</Filter>
    </ClCompile>
    <ClCompile Include="Src\Common\Fader.cpp">
      <Filter>ソース ファイル\Common</Filter>
    </ClCompile>
    <ClCompile Include="Src\Scene\SceneBase.cpp">
      <Filter>ソース ファイル\Scene</Filter>
    </ClCompile>
    <ClCompile Include="Src\Scene\TitleScene.cpp">
      <Filter>ソース ファイル\Scene</Filter>
    </ClCompile>
    <ClCompile Include="Src\Utility\AsoUtility.cpp">
      <Filter>ソース ファイル\Utility</Filter>
    </ClCompile>
    <ClCompile Include="Src\Common\Vector2.cpp">
      <Filter>ソース ファイル\Common</Filter>
    </ClCompile>
    <ClCompile Include="Src\Common\Quaternion.cpp">
      <Filter>ソース ファイル\Common</Filter>
    </ClCompile>
    <ClCompile Include="Src\Object\Common\Transform.cpp">
      <Filter>ソース ファイル</Filter>
    </ClCompile>
    <ClCompile Include="Src\Common\IntVector3.cpp">
      <Filter>ソース ファイル</Filter>
    </ClCompile>
    <ClCompile Include="Src\Scene\GameScene.cpp">
      <Filter>ソース ファイル</Filter>
    </ClCompile>
    <ClCompile Include="Src\Object\UnitBase.cpp">
      <Filter>ソース ファイル</Filter>
    </ClCompile>
    <ClCompile Include="Src\Object\Arrow.cpp">
      <Filter>ソース ファイル</Filter>
    </ClCompile>
    <ClInclude Include="Src\Object\Stage\StageManager.h" />
    <ClInclude Include="Src\Object\System\LevelScreenManager.h" />
    <ClInclude Include="Src\Object\Stage\StageObject.h" />
    <ClInclude Include="Src\Object\Stage\SkyDome.h" />
    <ClInclude Include="Src\Object\System\Carsor.h" />
    <ClInclude Include="Src\Object\System\LevelupNotice.h" />
    <ClInclude Include="Src\Object\System\LevelupSelect.h" />
    <ClInclude Include="Src\Common\ImageFader.h" />
    <ClInclude Include="Src\Object\Character\PlayableChara\PlArcher.h" />
    <ClInclude Include="Src\Object\Character\PlayableChara\PlAxeMan.h" />
    <ClInclude Include="Src\Object\Character\PlayableChara\PlKnight.h" />
    <ClInclude Include="Src\Object\Character\PlayableChara\PlMage.h" />
    <ClInclude Include="Src\Object\Character\EnemySort\EneAxe.h" />
    <ClInclude Include="Src\Manager\GameSystem\TextManager.h" />
    <ClInclude Include="Src\Object\System\UnitPositionLoad.h" />
    <ClInclude Include="Src\Object\Character\Chiken\ChickenBase.h" />
    <ClInclude Include="Src\Object\Character\Chiken\ChickenManager.h" />
    <ClInclude Include="Src\Object\Character\EnemySort\EneArcher.h" />
    <ClInclude Include="Src\Object\Character\EnemySort\EneBrig.h" />
    <ClInclude Include="Src\Object\Character\EnemySort\EneGolem.h" />
    <ClInclude Include="Src\Object\Character\EnemySort\EneMage.h" />
    <ClInclude Include="Src\Manager\Decoration\EffectManager.h" />
    <ClInclude Include="Src\Manager\Decoration\SoundManager.h" />
    <ClInclude Include="Src\Scene\GameOverScene.h" />
    <ClInclude Include="Src\Scene\FazeResult.h" />
  </ItemGroup>
  <ItemGroup>
    <ClInclude Include="Src\Common\Fader.h">
      <Filter>ヘッダー ファイル\Common</Filter>
    </ClInclude>
    <ClInclude Include="Src\Common\Quaternion.h">
      <Filter>ヘッダー ファイル\Common</Filter>
    </ClInclude>
    <ClInclude Include="Src\Scene\SceneBase.h">
      <Filter>ヘッダー ファイル\Scene</Filter>
    </ClInclude>
    <ClInclude Include="Src\Scene\TitleScene.h">
      <Filter>ヘッダー ファイル\Scene</Filter>
    </ClInclude>
    <ClInclude Include="Src\Utility\AsoUtility.h">
      <Filter>ヘッダー ファイル\Utility</Filter>
    </ClInclude>
    <ClInclude Include="Src\Common\Vector2.h">
      <Filter>ヘッダー ファイル\Common</Filter>
    </ClInclude>
    <ClInclude Include="Src\Application.h">
      <Filter>ヘッダー ファイル</Filter>
    </ClInclude>
    <ClInclude Include="Src\main.h">
      <Filter>ヘッダー ファイル</Filter>
    </ClInclude>
    <ClInclude Include="Src\Object\Common\Transform.h">
      <Filter>ヘッダー ファイル</Filter>
    </ClInclude>
    <ClInclude Include="Src\Common\IntVector3.h">
      <Filter>ヘッダー ファイル</Filter>
    </ClInclude>
    <ClInclude Include="Src\Scene\GameScene.h">
      <Filter>ヘッダー ファイル</Filter>
    </ClInclude>
    <ClInclude Include="Src\Object\UnitBase.h">
      <Filter>ヘッダー ファイル</Filter>
    </ClInclude>
    <ClInclude Include="Src\Object\Arrow.h">
      <Filter>ヘッダー ファイル</Filter>
    </ClInclude>
    <ClInclude Include="Src\Object\Arrow.h">
      <Filter>ヘッダー ファイル</Filter>
    </ClInclude>
  </ItemGroup>
</Project>